
Microsoft Visual Studio Solution File, Format Version 12.00
# Visual Studio Version 17
VisualStudioVersion = 17.7.34221.43
MinimumVisualStudioVersion = 10.0.40219.1
Project("{FAE04EC0-301F-11D3-BF4B-00C04F79EFBC}") = "HelloWorld-Net", "HelloWorld-Net\HelloWorld-Net.csproj", "{329D7B24-D240-48DA-AB44-48C555ACFD46}"
EndProject
Global
	GlobalSection(SolutionConfigurationPlatforms) = preSolution
		Debug|Any CPU = Debug|Any CPU
		Release|Any CPU = Release|Any CPU
	EndGlobalSection
	GlobalSection(ProjectConfigurationPlatforms) = postSolution
		{329D7B24-D240-48DA-AB44-48C555ACFD46}.Debug|Any CPU.ActiveCfg = Debug|Any CPU
		{329D7B24-D240-48DA-AB44-48C555ACFD46}.Debug|Any CPU.Build.0 = Debug|Any CPU
		{329D7B24-D240-48DA-AB44-48C555ACFD46}.Release|Any CPU.ActiveCfg = Release|Any CPU
		{329D7B24-D240-48DA-AB44-48C555ACFD46}.Release|Any CPU.Build.0 = Release|Any CPU
	EndGlobalSection
	GlobalSection(SolutionProperties) = preSolution
		HideSolutionNode = FALSE
	EndGlobalSection
	GlobalSection(ExtensibilityGlobals) = postSolution
		SolutionGuid = {3EB7154C-55B8-4676-AEAB-9819D304BB93}
	EndGlobalSection
EndGlobal
